
Microsoft Visual Studio Solution File, Format Version 12.00
# Visual Studio Version 17
VisualStudioVersion = 17.5.002.0
MinimumVisualStudioVersion = 10.0.40219.1
Project("{9A19103F-16F7-4668-BE54-9A1E7A4F7556}") = "dotnet-cyberpunk-challenge-5", "dotnet-cyberpunk-challenge-5.csproj", "{C1267BA9-1FE5-43DB-BFF7-297BE7FC87BC}"
EndProject
Global
	GlobalSection(SolutionConfigurationPlatforms) = preSolution
		Debug|Any CPU = Debug|Any CPU
		Release|Any CPU = Release|Any CPU
	EndGlobalSection
	GlobalSection(ProjectConfigurationPlatforms) = postSolution
		{C1267BA9-1FE5-43DB-BFF7-297BE7FC87BC}.Debug|Any CPU.ActiveCfg = Debug|Any CPU
		{C1267BA9-1FE5-43DB-BFF7-297BE7FC87BC}.Debug|Any CPU.Build.0 = Debug|Any CPU
		{C1267BA9-1FE5-43DB-BFF7-297BE7FC87BC}.Release|Any CPU.ActiveCfg = Release|Any CPU
		{C1267BA9-1FE5-43DB-BFF7-297BE7FC87BC}.Release|Any CPU.Build.0 = Release|Any CPU
	EndGlobalSection
	GlobalSection(SolutionProperties) = preSolution
		HideSolutionNode = FALSE
	EndGlobalSection
	GlobalSection(ExtensibilityGlobals) = postSolution
		SolutionGuid = {5F6A19B6-B6BE-4FE8-B5A2-6AFC9373F1CD}
	EndGlobalSection
EndGlobal
